// !$*UTF8*$!
{
	archiveVersion = 1;
	classes = {
	};
	objectVersion = 46;
	objects = {

/* Begin PBXBuildFile section */
		F60327AB1EC4143300493DC3 /* AVFoundation.framework in Frameworks */ = {isa = PBXBuildFile; fileRef = F607C8C41EC13C5400651FAD /* AVFoundation.framework */; };
		F60327AD1EC4188200493DC3 /* Audio in Resources */ = {isa = PBXBuildFile; fileRef = F60327AC1EC4188200493DC3 /* Audio */; };
		F60327B01EC51DDB00493DC3 /* Model.xcdatamodeld in Sources */ = {isa = PBXBuildFile; fileRef = F60327AE1EC51DDB00493DC3 /* Model.xcdatamodeld */; };
		F60327B21EC51E5600493DC3 /* CoreDataViewController.swift in Sources */ = {isa = PBXBuildFile; fileRef = F60327B11EC51E5600493DC3 /* CoreDataViewController.swift */; };
		F60327B41EC51F3200493DC3 /* CoreDataStack.swift in Sources */ = {isa = PBXBuildFile; fileRef = F60327B31EC51F3200493DC3 /* CoreDataStack.swift */; };
		F60327B71EC54B8100493DC3 /* StoreCollectionViewController.swift in Sources */ = {isa = PBXBuildFile; fileRef = F60327B61EC54B8100493DC3 /* StoreCollectionViewController.swift */; };
		F60327B91EC54BF600493DC3 /* CoreDataCollectionViewController.swift in Sources */ = {isa = PBXBuildFile; fileRef = F60327B81EC54BF600493DC3 /* CoreDataCollectionViewController.swift */; };
		F60327BC1EC54CE200493DC3 /* CustomStoreCollectionViewCell.swift in Sources */ = {isa = PBXBuildFile; fileRef = F60327BB1EC54CE200493DC3 /* CustomStoreCollectionViewCell.swift */; };
		F607C87E1EBFC6E600651FAD /* AppDelegate.swift in Sources */ = {isa = PBXBuildFile; fileRef = F607C87D1EBFC6E600651FAD /* AppDelegate.swift */; };
		F607C8801EBFC6E600651FAD /* RootViewController.swift in Sources */ = {isa = PBXBuildFile; fileRef = F607C87F1EBFC6E600651FAD /* RootViewController.swift */; };
		F607C8821EBFC6E600651FAD /* DataViewController.swift in Sources */ = {isa = PBXBuildFile; fileRef = F607C8811EBFC6E600651FAD /* DataViewController.swift */; };
		F607C8841EBFC6E600651FAD /* ModelController.swift in Sources */ = {isa = PBXBuildFile; fileRef = F607C8831EBFC6E600651FAD /* ModelController.swift */; };
		F607C8871EBFC6E600651FAD /* Main.storyboard in Resources */ = {isa = PBXBuildFile; fileRef = F607C8851EBFC6E600651FAD /* Main.storyboard */; };
		F607C8891EBFC6E600651FAD /* Assets.xcassets in Resources */ = {isa = PBXBuildFile; fileRef = F607C8881EBFC6E600651FAD /* Assets.xcassets */; };
		F607C88C1EBFC6E600651FAD /* LaunchScreen.storyboard in Resources */ = {isa = PBXBuildFile; fileRef = F607C88A1EBFC6E600651FAD /* LaunchScreen.storyboard */; };
		F607C8971EBFC6E600651FAD /* CharlesTests.swift in Sources */ = {isa = PBXBuildFile; fileRef = F607C8961EBFC6E600651FAD /* CharlesTests.swift */; };
		F607C8A21EBFC6E600651FAD /* CharlesUITests.swift in Sources */ = {isa = PBXBuildFile; fileRef = F607C8A11EBFC6E600651FAD /* CharlesUITests.swift */; };
		F607C8B11EBFC96500651FAD /* README.md in Resources */ = {isa = PBXBuildFile; fileRef = F607C8AF1EBFC96500651FAD /* README.md */; };
		F607C8B21EBFC96500651FAD /* LICENSE in Resources */ = {isa = PBXBuildFile; fileRef = F607C8B01EBFC96500651FAD /* LICENSE */; };
		F607C8B41EBFC97500651FAD /* .gitignore in Resources */ = {isa = PBXBuildFile; fileRef = F607C8B31EBFC97500651FAD /* .gitignore */; };
		F607C8BA1EBFD41100651FAD /* Character.swift in Sources */ = {isa = PBXBuildFile; fileRef = F607C8B91EBFD41100651FAD /* Character.swift */; };
		F607C8BC1EBFD65F00651FAD /* Phrase.swift in Sources */ = {isa = PBXBuildFile; fileRef = F607C8BB1EBFD65F00651FAD /* Phrase.swift */; };
		F607C8BE1EBFD82700651FAD /* Subphrase.swift in Sources */ = {isa = PBXBuildFile; fileRef = F607C8BD1EBFD82700651FAD /* Subphrase.swift */; };
		F607C8C01EBFD8D800651FAD /* Slot.swift in Sources */ = {isa = PBXBuildFile; fileRef = F607C8BF1EBFD8D800651FAD /* Slot.swift */; };
		F607C8C21EBFDAEC00651FAD /* CharacterDictionary.swift in Sources */ = {isa = PBXBuildFile; fileRef = F607C8C11EBFDAEC00651FAD /* CharacterDictionary.swift */; };
		F607C8C71EC250BA00651FAD /* Utilities.swift in Sources */ = {isa = PBXBuildFile; fileRef = F607C8C61EC250BA00651FAD /* Utilities.swift */; };
		F607C8C91EC3FA8800651FAD /* Characters.swift in Sources */ = {isa = PBXBuildFile; fileRef = F607C8C81EC3FA8800651FAD /* Characters.swift */; };
		F60C8CEA1EDA0FE900F15EF9 /* Levels.swift in Sources */ = {isa = PBXBuildFile; fileRef = F60C8CE91EDA0FE900F15EF9 /* Levels.swift */; };
		F60C8CEC1EDA0FF200F15EF9 /* Level.swift in Sources */ = {isa = PBXBuildFile; fileRef = F60C8CEB1EDA0FF200F15EF9 /* Level.swift */; };
		F62F65AC1ED8DE1A00A5EBF5 /* ColorLibrary.swift in Sources */ = {isa = PBXBuildFile; fileRef = F62F65AB1ED8DE1A00A5EBF5 /* ColorLibrary.swift */; };
		F63F0D061ED9CF4A001B2720 /* UnlockedCharacter+CoreDataClass.swift in Sources */ = {isa = PBXBuildFile; fileRef = F63F0D041ED9CF4A001B2720 /* UnlockedCharacter+CoreDataClass.swift */; };
		F63F0D071ED9CF4A001B2720 /* UnlockedCharacter+CoreDataProperties.swift in Sources */ = {isa = PBXBuildFile; fileRef = F63F0D051ED9CF4A001B2720 /* UnlockedCharacter+CoreDataProperties.swift */; };
		F64E74951ED9E43B000E99E1 /* PieTimerView.swift in Sources */ = {isa = PBXBuildFile; fileRef = F64E74941ED9E43B000E99E1 /* PieTimerView.swift */; };
		F6FD50721ED3B62C0087F461 /* CoreDataNSObject.swift in Sources */ = {isa = PBXBuildFile; fileRef = F6FD50711ED3B62C0087F461 /* CoreDataNSObject.swift */; };
		F6FD50741ED4FDF70087F461 /* Protocols.swift in Sources */ = {isa = PBXBuildFile; fileRef = F6FD50731ED4FDF70087F461 /* Protocols.swift */; };
		F6FD50761ED8BAFB0087F461 /* ColorMatchFeedbackView.swift in Sources */ = {isa = PBXBuildFile; fileRef = F6FD50751ED8BAFB0087F461 /* ColorMatchFeedbackView.swift */; };
/* End PBXBuildFile section */

/* Begin PBXContainerItemProxy section */
		F607C8931EBFC6E600651FAD /* PBXContainerItemProxy */ = {
			isa = PBXContainerItemProxy;
			containerPortal = F607C8721EBFC6E500651FAD /* Project object */;
			proxyType = 1;
			remoteGlobalIDString = F607C8791EBFC6E500651FAD;
			remoteInfo = Charles;
		};
		F607C89E1EBFC6E600651FAD /* PBXContainerItemProxy */ = {
			isa = PBXContainerItemProxy;
			containerPortal = F607C8721EBFC6E500651FAD /* Project object */;
			proxyType = 1;
			remoteGlobalIDString = F607C8791EBFC6E500651FAD;
			remoteInfo = Charles;
		};
/* End PBXContainerItemProxy section */

/* Begin PBXFileReference section */
		F60327AC1EC4188200493DC3 /* Audio */ = {isa = PBXFileReference; lastKnownFileType = folder; name = Audio; path = Charles/Audio; sourceTree = "<group>"; };
		F60327AF1EC51DDB00493DC3 /* Model.xcdatamodel */ = {isa = PBXFileReference; lastKnownFileType = wrapper.xcdatamodel; path = Model.xcdatamodel; sourceTree = "<group>"; };
		F60327B11EC51E5600493DC3 /* CoreDataViewController.swift */ = {isa = PBXFileReference; fileEncoding = 4; lastKnownFileType = sourcecode.swift; path = CoreDataViewController.swift; sourceTree = "<group>"; };
		F60327B31EC51F3200493DC3 /* CoreDataStack.swift */ = {isa = PBXFileReference; fileEncoding = 4; lastKnownFileType = sourcecode.swift; path = CoreDataStack.swift; sourceTree = "<group>"; };
		F60327B61EC54B8100493DC3 /* StoreCollectionViewController.swift */ = {isa = PBXFileReference; fileEncoding = 4; lastKnownFileType = sourcecode.swift; path = StoreCollectionViewController.swift; sourceTree = "<group>"; };
		F60327B81EC54BF600493DC3 /* CoreDataCollectionViewController.swift */ = {isa = PBXFileReference; fileEncoding = 4; lastKnownFileType = sourcecode.swift; path = CoreDataCollectionViewController.swift; sourceTree = "<group>"; };
		F60327BB1EC54CE200493DC3 /* CustomStoreCollectionViewCell.swift */ = {isa = PBXFileReference; fileEncoding = 4; lastKnownFileType = sourcecode.swift; path = CustomStoreCollectionViewCell.swift; sourceTree = "<group>"; };
		F607C87A1EBFC6E600651FAD /* Charles.app */ = {isa = PBXFileReference; explicitFileType = wrapper.application; includeInIndex = 0; path = Charles.app; sourceTree = BUILT_PRODUCTS_DIR; };
		F607C87D1EBFC6E600651FAD /* AppDelegate.swift */ = {isa = PBXFileReference; lastKnownFileType = sourcecode.swift; name = AppDelegate.swift; path = Charles/AppDelegate.swift; sourceTree = "<group>"; };
		F607C87F1EBFC6E600651FAD /* RootViewController.swift */ = {isa = PBXFileReference; lastKnownFileType = sourcecode.swift; path = RootViewController.swift; sourceTree = "<group>"; };
		F607C8811EBFC6E600651FAD /* DataViewController.swift */ = {isa = PBXFileReference; lastKnownFileType = sourcecode.swift; path = DataViewController.swift; sourceTree = "<group>"; };
		F607C8831EBFC6E600651FAD /* ModelController.swift */ = {isa = PBXFileReference; lastKnownFileType = sourcecode.swift; path = ModelController.swift; sourceTree = "<group>"; };
		F607C8861EBFC6E600651FAD /* Base */ = {isa = PBXFileReference; lastKnownFileType = file.storyboard; name = Base; path = Base.lproj/Main.storyboard; sourceTree = "<group>"; };
		F607C8881EBFC6E600651FAD /* Assets.xcassets */ = {isa = PBXFileReference; lastKnownFileType = folder.assetcatalog; path = Assets.xcassets; sourceTree = "<group>"; };
		F607C88B1EBFC6E600651FAD /* Base */ = {isa = PBXFileReference; lastKnownFileType = file.storyboard; name = Base; path = Base.lproj/LaunchScreen.storyboard; sourceTree = "<group>"; };
		F607C88D1EBFC6E600651FAD /* Info.plist */ = {isa = PBXFileReference; lastKnownFileType = text.plist.xml; path = Info.plist; sourceTree = "<group>"; };
		F607C8921EBFC6E600651FAD /* CharlesTests.xctest */ = {isa = PBXFileReference; explicitFileType = wrapper.cfbundle; includeInIndex = 0; path = CharlesTests.xctest; sourceTree = BUILT_PRODUCTS_DIR; };
		F607C8961EBFC6E600651FAD /* CharlesTests.swift */ = {isa = PBXFileReference; lastKnownFileType = sourcecode.swift; path = CharlesTests.swift; sourceTree = "<group>"; };
		F607C8981EBFC6E600651FAD /* Info.plist */ = {isa = PBXFileReference; lastKnownFileType = text.plist.xml; path = Info.plist; sourceTree = "<group>"; };
		F607C89D1EBFC6E600651FAD /* CharlesUITests.xctest */ = {isa = PBXFileReference; explicitFileType = wrapper.cfbundle; includeInIndex = 0; path = CharlesUITests.xctest; sourceTree = BUILT_PRODUCTS_DIR; };
		F607C8A11EBFC6E600651FAD /* CharlesUITests.swift */ = {isa = PBXFileReference; lastKnownFileType = sourcecode.swift; path = CharlesUITests.swift; sourceTree = "<group>"; };
		F607C8A31EBFC6E600651FAD /* Info.plist */ = {isa = PBXFileReference; lastKnownFileType = text.plist.xml; path = Info.plist; sourceTree = "<group>"; };
		F607C8AF1EBFC96500651FAD /* README.md */ = {isa = PBXFileReference; fileEncoding = 4; lastKnownFileType = net.daringfireball.markdown; path = README.md; sourceTree = "<group>"; };
		F607C8B01EBFC96500651FAD /* LICENSE */ = {isa = PBXFileReference; fileEncoding = 4; lastKnownFileType = text; path = LICENSE; sourceTree = "<group>"; };
		F607C8B31EBFC97500651FAD /* .gitignore */ = {isa = PBXFileReference; fileEncoding = 4; lastKnownFileType = text; path = .gitignore; sourceTree = "<group>"; };
		F607C8B91EBFD41100651FAD /* Character.swift */ = {isa = PBXFileReference; fileEncoding = 4; lastKnownFileType = sourcecode.swift; path = Character.swift; sourceTree = "<group>"; };
		F607C8BB1EBFD65F00651FAD /* Phrase.swift */ = {isa = PBXFileReference; fileEncoding = 4; lastKnownFileType = sourcecode.swift; path = Phrase.swift; sourceTree = "<group>"; };
		F607C8BD1EBFD82700651FAD /* Subphrase.swift */ = {isa = PBXFileReference; fileEncoding = 4; lastKnownFileType = sourcecode.swift; path = Subphrase.swift; sourceTree = "<group>"; };
		F607C8BF1EBFD8D800651FAD /* Slot.swift */ = {isa = PBXFileReference; fileEncoding = 4; lastKnownFileType = sourcecode.swift; path = Slot.swift; sourceTree = "<group>"; };
		F607C8C11EBFDAEC00651FAD /* CharacterDictionary.swift */ = {isa = PBXFileReference; fileEncoding = 4; lastKnownFileType = sourcecode.swift; path = CharacterDictionary.swift; sourceTree = "<group>"; };
		F607C8C41EC13C5400651FAD /* AVFoundation.framework */ = {isa = PBXFileReference; lastKnownFileType = wrapper.framework; name = AVFoundation.framework; path = System/Library/Frameworks/AVFoundation.framework; sourceTree = SDKROOT; };
		F607C8C61EC250BA00651FAD /* Utilities.swift */ = {isa = PBXFileReference; fileEncoding = 4; lastKnownFileType = sourcecode.swift; path = Utilities.swift; sourceTree = "<group>"; };
		F607C8C81EC3FA8800651FAD /* Characters.swift */ = {isa = PBXFileReference; fileEncoding = 4; lastKnownFileType = sourcecode.swift; path = Characters.swift; sourceTree = "<group>"; };
		F60C8CE91EDA0FE900F15EF9 /* Levels.swift */ = {isa = PBXFileReference; fileEncoding = 4; lastKnownFileType = sourcecode.swift; path = Levels.swift; sourceTree = "<group>"; };
		F60C8CEB1EDA0FF200F15EF9 /* Level.swift */ = {isa = PBXFileReference; fileEncoding = 4; lastKnownFileType = sourcecode.swift; path = Level.swift; sourceTree = "<group>"; };
		F62F65AB1ED8DE1A00A5EBF5 /* ColorLibrary.swift */ = {isa = PBXFileReference; fileEncoding = 4; lastKnownFileType = sourcecode.swift; path = ColorLibrary.swift; sourceTree = "<group>"; };
		F63F0D041ED9CF4A001B2720 /* UnlockedCharacter+CoreDataClass.swift */ = {isa = PBXFileReference; fileEncoding = 4; lastKnownFileType = sourcecode.swift; path = "UnlockedCharacter+CoreDataClass.swift"; sourceTree = "<group>"; };
		F63F0D051ED9CF4A001B2720 /* UnlockedCharacter+CoreDataProperties.swift */ = {isa = PBXFileReference; fileEncoding = 4; lastKnownFileType = sourcecode.swift; path = "UnlockedCharacter+CoreDataProperties.swift"; sourceTree = "<group>"; };
		F64E74941ED9E43B000E99E1 /* PieTimerView.swift */ = {isa = PBXFileReference; fileEncoding = 4; lastKnownFileType = sourcecode.swift; path = PieTimerView.swift; sourceTree = "<group>"; };
		F6FD50711ED3B62C0087F461 /* CoreDataNSObject.swift */ = {isa = PBXFileReference; fileEncoding = 4; lastKnownFileType = sourcecode.swift; path = CoreDataNSObject.swift; sourceTree = "<group>"; };
		F6FD50731ED4FDF70087F461 /* Protocols.swift */ = {isa = PBXFileReference; fileEncoding = 4; lastKnownFileType = sourcecode.swift; path = Protocols.swift; sourceTree = "<group>"; };
		F6FD50751ED8BAFB0087F461 /* ColorMatchFeedbackView.swift */ = {isa = PBXFileReference; fileEncoding = 4; lastKnownFileType = sourcecode.swift; path = ColorMatchFeedbackView.swift; sourceTree = "<group>"; };
/* End PBXFileReference section */

/* Begin PBXFrameworksBuildPhase section */
		F607C8771EBFC6E500651FAD /* Frameworks */ = {
			isa = PBXFrameworksBuildPhase;
			buildActionMask = 2147483647;
			files = (
				F60327AB1EC4143300493DC3 /* AVFoundation.framework in Frameworks */,
			);
			runOnlyForDeploymentPostprocessing = 0;
		};
		F607C88F1EBFC6E600651FAD /* Frameworks */ = {
			isa = PBXFrameworksBuildPhase;
			buildActionMask = 2147483647;
			files = (
			);
			runOnlyForDeploymentPostprocessing = 0;
		};
		F607C89A1EBFC6E600651FAD /* Frameworks */ = {
			isa = PBXFrameworksBuildPhase;
			buildActionMask = 2147483647;
			files = (
			);
			runOnlyForDeploymentPostprocessing = 0;
		};
/* End PBXFrameworksBuildPhase section */

/* Begin PBXGroup section */
		F60327B51EC51F4100493DC3 /* CoreData */ = {
			isa = PBXGroup;
			children = (
				F63F0D041ED9CF4A001B2720 /* UnlockedCharacter+CoreDataClass.swift */,
				F63F0D051ED9CF4A001B2720 /* UnlockedCharacter+CoreDataProperties.swift */,
				F60327B31EC51F3200493DC3 /* CoreDataStack.swift */,
				F60327AE1EC51DDB00493DC3 /* Model.xcdatamodeld */,
			);
			name = CoreData;
			sourceTree = "<group>";
		};
		F60327BA1EC54C0D00493DC3 /* Core Data Parents */ = {
			isa = PBXGroup;
			children = (
				F60327B11EC51E5600493DC3 /* CoreDataViewController.swift */,
				F6FD50711ED3B62C0087F461 /* CoreDataNSObject.swift */,
				F60327B81EC54BF600493DC3 /* CoreDataCollectionViewController.swift */,
			);
			name = "Core Data Parents";
			sourceTree = "<group>";
		};
		F60327BD1EC54CEB00493DC3 /* Collection View Cells */ = {
			isa = PBXGroup;
			children = (
				F60327BB1EC54CE200493DC3 /* CustomStoreCollectionViewCell.swift */,
			);
			name = "Collection View Cells";
			sourceTree = "<group>";
		};
		F607C8711EBFC6E500651FAD = {
			isa = PBXGroup;
			children = (
				F607C87D1EBFC6E600651FAD /* AppDelegate.swift */,
				F60327AC1EC4188200493DC3 /* Audio */,
				F607C87C1EBFC6E600651FAD /* Charles */,
				F607C8B51EBFCA1100651FAD /* Admin */,
				F607C8951EBFC6E600651FAD /* CharlesTests */,
				F607C8A01EBFC6E600651FAD /* CharlesUITests */,
				F607C87B1EBFC6E600651FAD /* Products */,
				F607C8C31EC13C5400651FAD /* Frameworks */,
			);
			sourceTree = "<group>";
		};
		F607C87B1EBFC6E600651FAD /* Products */ = {
			isa = PBXGroup;
			children = (
				F607C87A1EBFC6E600651FAD /* Charles.app */,
				F607C8921EBFC6E600651FAD /* CharlesTests.xctest */,
				F607C89D1EBFC6E600651FAD /* CharlesUITests.xctest */,
			);
			name = Products;
			sourceTree = "<group>";
		};
		F607C87C1EBFC6E600651FAD /* Charles */ = {
			isa = PBXGroup;
			children = (
				F607C8B71EBFD3C900651FAD /* Model */,
				F607C8B81EBFD3CE00651FAD /* View */,
				F607C8B61EBFD3BD00651FAD /* Controller */,
				F607C8881EBFC6E600651FAD /* Assets.xcassets */,
				F607C88D1EBFC6E600651FAD /* Info.plist */,
				F607C8C61EC250BA00651FAD /* Utilities.swift */,
			);
			path = Charles;
			sourceTree = "<group>";
		};
		F607C8951EBFC6E600651FAD /* CharlesTests */ = {
			isa = PBXGroup;
			children = (
				F607C8961EBFC6E600651FAD /* CharlesTests.swift */,
				F607C8981EBFC6E600651FAD /* Info.plist */,
			);
			path = CharlesTests;
			sourceTree = "<group>";
		};
		F607C8A01EBFC6E600651FAD /* CharlesUITests */ = {
			isa = PBXGroup;
			children = (
				F607C8A11EBFC6E600651FAD /* CharlesUITests.swift */,
				F607C8A31EBFC6E600651FAD /* Info.plist */,
			);
			path = CharlesUITests;
			sourceTree = "<group>";
		};
		F607C8B51EBFCA1100651FAD /* Admin */ = {
			isa = PBXGroup;
			children = (
				F607C8B31EBFC97500651FAD /* .gitignore */,
				F607C8AF1EBFC96500651FAD /* README.md */,
				F607C8B01EBFC96500651FAD /* LICENSE */,
			);
			name = Admin;
			sourceTree = "<group>";
		};
		F607C8B61EBFD3BD00651FAD /* Controller */ = {
			isa = PBXGroup;
			children = (
				F6FD50731ED4FDF70087F461 /* Protocols.swift */,
				F60327BA1EC54C0D00493DC3 /* Core Data Parents */,
				F607C87F1EBFC6E600651FAD /* RootViewController.swift */,
				F607C8811EBFC6E600651FAD /* DataViewController.swift */,
				F607C8831EBFC6E600651FAD /* ModelController.swift */,
				F60327B61EC54B8100493DC3 /* StoreCollectionViewController.swift */,
			);
			name = Controller;
			sourceTree = "<group>";
		};
		F607C8B71EBFD3C900651FAD /* Model */ = {
			isa = PBXGroup;
			children = (
				F60327B51EC51F4100493DC3 /* CoreData */,
				F607C8C11EBFDAEC00651FAD /* CharacterDictionary.swift */,
				F607C8B91EBFD41100651FAD /* Character.swift */,
				F607C8BB1EBFD65F00651FAD /* Phrase.swift */,
				F607C8BD1EBFD82700651FAD /* Subphrase.swift */,
				F607C8BF1EBFD8D800651FAD /* Slot.swift */,
				F607C8C81EC3FA8800651FAD /* Characters.swift */,
				F62F65AB1ED8DE1A00A5EBF5 /* ColorLibrary.swift */,
				F60C8CE91EDA0FE900F15EF9 /* Levels.swift */,
				F60C8CEB1EDA0FF200F15EF9 /* Level.swift */,
			);
			name = Model;
			sourceTree = "<group>";
		};
		F607C8B81EBFD3CE00651FAD /* View */ = {
			isa = PBXGroup;
			children = (
				F607C8851EBFC6E600651FAD /* Main.storyboard */,
				F607C88A1EBFC6E600651FAD /* LaunchScreen.storyboard */,
				F60327BD1EC54CEB00493DC3 /* Collection View Cells */,
				F6FD50751ED8BAFB0087F461 /* ColorMatchFeedbackView.swift */,
				F64E74941ED9E43B000E99E1 /* PieTimerView.swift */,
			);
			name = View;
			sourceTree = "<group>";
		};
		F607C8C31EC13C5400651FAD /* Frameworks */ = {
			isa = PBXGroup;
			children = (
				F607C8C41EC13C5400651FAD /* AVFoundation.framework */,
			);
			name = Frameworks;
			sourceTree = "<group>";
		};
/* End PBXGroup section */

/* Begin PBXNativeTarget section */
		F607C8791EBFC6E500651FAD /* Charles */ = {
			isa = PBXNativeTarget;
			buildConfigurationList = F607C8A61EBFC6E600651FAD /* Build configuration list for PBXNativeTarget "Charles" */;
			buildPhases = (
				F607C8761EBFC6E500651FAD /* Sources */,
				F607C8771EBFC6E500651FAD /* Frameworks */,
				F607C8781EBFC6E500651FAD /* Resources */,
			);
			buildRules = (
			);
			dependencies = (
			);
			name = Charles;
			productName = Charles;
			productReference = F607C87A1EBFC6E600651FAD /* Charles.app */;
			productType = "com.apple.product-type.application";
		};
		F607C8911EBFC6E600651FAD /* CharlesTests */ = {
			isa = PBXNativeTarget;
			buildConfigurationList = F607C8A91EBFC6E600651FAD /* Build configuration list for PBXNativeTarget "CharlesTests" */;
			buildPhases = (
				F607C88E1EBFC6E600651FAD /* Sources */,
				F607C88F1EBFC6E600651FAD /* Frameworks */,
				F607C8901EBFC6E600651FAD /* Resources */,
			);
			buildRules = (
			);
			dependencies = (
				F607C8941EBFC6E600651FAD /* PBXTargetDependency */,
			);
			name = CharlesTests;
			productName = CharlesTests;
			productReference = F607C8921EBFC6E600651FAD /* CharlesTests.xctest */;
			productType = "com.apple.product-type.bundle.unit-test";
		};
		F607C89C1EBFC6E600651FAD /* CharlesUITests */ = {
			isa = PBXNativeTarget;
			buildConfigurationList = F607C8AC1EBFC6E600651FAD /* Build configuration list for PBXNativeTarget "CharlesUITests" */;
			buildPhases = (
				F607C8991EBFC6E600651FAD /* Sources */,
				F607C89A1EBFC6E600651FAD /* Frameworks */,
				F607C89B1EBFC6E600651FAD /* Resources */,
			);
			buildRules = (
			);
			dependencies = (
				F607C89F1EBFC6E600651FAD /* PBXTargetDependency */,
			);
			name = CharlesUITests;
			productName = CharlesUITests;
			productReference = F607C89D1EBFC6E600651FAD /* CharlesUITests.xctest */;
			productType = "com.apple.product-type.bundle.ui-testing";
		};
/* End PBXNativeTarget section */

/* Begin PBXProject section */
		F607C8721EBFC6E500651FAD /* Project object */ = {
			isa = PBXProject;
			attributes = {
				LastSwiftUpdateCheck = 0830;
				LastUpgradeCheck = 0830;
				ORGANIZATIONNAME = "Zero Mu, LLC";
				TargetAttributes = {
					F607C8791EBFC6E500651FAD = {
						CreatedOnToolsVersion = 8.3.2;
						DevelopmentTeam = 37R6UV3BWH;
						ProvisioningStyle = Automatic;
					};
					F607C8911EBFC6E600651FAD = {
						CreatedOnToolsVersion = 8.3.2;
						DevelopmentTeam = 37R6UV3BWH;
						ProvisioningStyle = Automatic;
						TestTargetID = F607C8791EBFC6E500651FAD;
					};
					F607C89C1EBFC6E600651FAD = {
						CreatedOnToolsVersion = 8.3.2;
						DevelopmentTeam = 37R6UV3BWH;
						ProvisioningStyle = Automatic;
						TestTargetID = F607C8791EBFC6E500651FAD;
					};
				};
			};
			buildConfigurationList = F607C8751EBFC6E500651FAD /* Build configuration list for PBXProject "Charles" */;
			compatibilityVersion = "Xcode 3.2";
			developmentRegion = English;
			hasScannedForEncodings = 0;
			knownRegions = (
				en,
				Base,
			);
			mainGroup = F607C8711EBFC6E500651FAD;
			productRefGroup = F607C87B1EBFC6E600651FAD /* Products */;
			projectDirPath = "";
			projectRoot = "";
			targets = (
				F607C8791EBFC6E500651FAD /* Charles */,
				F607C8911EBFC6E600651FAD /* CharlesTests */,
				F607C89C1EBFC6E600651FAD /* CharlesUITests */,
			);
		};
/* End PBXProject section */

/* Begin PBXResourcesBuildPhase section */
		F607C8781EBFC6E500651FAD /* Resources */ = {
			isa = PBXResourcesBuildPhase;
			buildActionMask = 2147483647;
			files = (
				F607C8B41EBFC97500651FAD /* .gitignore in Resources */,
				F607C8B11EBFC96500651FAD /* README.md in Resources */,
				F607C88C1EBFC6E600651FAD /* LaunchScreen.storyboard in Resources */,
				F607C8891EBFC6E600651FAD /* Assets.xcassets in Resources */,
				F60327AD1EC4188200493DC3 /* Audio in Resources */,
				F607C8B21EBFC96500651FAD /* LICENSE in Resources */,
				F607C8871EBFC6E600651FAD /* Main.storyboard in Resources */,
			);
			runOnlyForDeploymentPostprocessing = 0;
		};
		F607C8901EBFC6E600651FAD /* Resources */ = {
			isa = PBXResourcesBuildPhase;
			buildActionMask = 2147483647;
			files = (
			);
			runOnlyForDeploymentPostprocessing = 0;
		};
		F607C89B1EBFC6E600651FAD /* Resources */ = {
			isa = PBXResourcesBuildPhase;
			buildActionMask = 2147483647;
			files = (
			);
			runOnlyForDeploymentPostprocessing = 0;
		};
/* End PBXResourcesBuildPhase section */

/* Begin PBXSourcesBuildPhase section */
		F607C8761EBFC6E500651FAD /* Sources */ = {
			isa = PBXSourcesBuildPhase;
			buildActionMask = 2147483647;
			files = (
				F60327B41EC51F3200493DC3 /* CoreDataStack.swift in Sources */,
				F607C8801EBFC6E600651FAD /* RootViewController.swift in Sources */,
				F607C8C01EBFD8D800651FAD /* Slot.swift in Sources */,
				F60C8CEC1EDA0FF200F15EF9 /* Level.swift in Sources */,
				F607C8C71EC250BA00651FAD /* Utilities.swift in Sources */,
				F60C8CEA1EDA0FE900F15EF9 /* Levels.swift in Sources */,
				F60327B21EC51E5600493DC3 /* CoreDataViewController.swift in Sources */,
				F607C8841EBFC6E600651FAD /* ModelController.swift in Sources */,
				F60327B71EC54B8100493DC3 /* StoreCollectionViewController.swift in Sources */,
				F60327B91EC54BF600493DC3 /* CoreDataCollectionViewController.swift in Sources */,
				F6FD50721ED3B62C0087F461 /* CoreDataNSObject.swift in Sources */,
				F63F0D061ED9CF4A001B2720 /* UnlockedCharacter+CoreDataClass.swift in Sources */,
				F607C8C21EBFDAEC00651FAD /* CharacterDictionary.swift in Sources */,
				F607C8BA1EBFD41100651FAD /* Character.swift in Sources */,
				F64E74951ED9E43B000E99E1 /* PieTimerView.swift in Sources */,
				F607C8C91EC3FA8800651FAD /* Characters.swift in Sources */,
				F62F65AC1ED8DE1A00A5EBF5 /* ColorLibrary.swift in Sources */,
				F607C8821EBFC6E600651FAD /* DataViewController.swift in Sources */,
				F60327BC1EC54CE200493DC3 /* CustomStoreCollectionViewCell.swift in Sources */,
				F6FD50741ED4FDF70087F461 /* Protocols.swift in Sources */,
				F63F0D071ED9CF4A001B2720 /* UnlockedCharacter+CoreDataProperties.swift in Sources */,
				F607C87E1EBFC6E600651FAD /* AppDelegate.swift in Sources */,
				F607C8BC1EBFD65F00651FAD /* Phrase.swift in Sources */,
				F6FD50761ED8BAFB0087F461 /* ColorMatchFeedbackView.swift in Sources */,
				F60327B01EC51DDB00493DC3 /* Model.xcdatamodeld in Sources */,
				F607C8BE1EBFD82700651FAD /* Subphrase.swift in Sources */,
			);
			runOnlyForDeploymentPostprocessing = 0;
		};
		F607C88E1EBFC6E600651FAD /* Sources */ = {
			isa = PBXSourcesBuildPhase;
			buildActionMask = 2147483647;
			files = (
				F607C8971EBFC6E600651FAD /* CharlesTests.swift in Sources */,
			);
			runOnlyForDeploymentPostprocessing = 0;
		};
		F607C8991EBFC6E600651FAD /* Sources */ = {
			isa = PBXSourcesBuildPhase;
			buildActionMask = 2147483647;
			files = (
				F607C8A21EBFC6E600651FAD /* CharlesUITests.swift in Sources */,
			);
			runOnlyForDeploymentPostprocessing = 0;
		};
/* End PBXSourcesBuildPhase section */

/* Begin PBXTargetDependency section */
		F607C8941EBFC6E600651FAD /* PBXTargetDependency */ = {
			isa = PBXTargetDependency;
			target = F607C8791EBFC6E500651FAD /* Charles */;
			targetProxy = F607C8931EBFC6E600651FAD /* PBXContainerItemProxy */;
		};
		F607C89F1EBFC6E600651FAD /* PBXTargetDependency */ = {
			isa = PBXTargetDependency;
			target = F607C8791EBFC6E500651FAD /* Charles */;
			targetProxy = F607C89E1EBFC6E600651FAD /* PBXContainerItemProxy */;
		};
/* End PBXTargetDependency section */

/* Begin PBXVariantGroup section */
		F607C8851EBFC6E600651FAD /* Main.storyboard */ = {
			isa = PBXVariantGroup;
			children = (
				F607C8861EBFC6E600651FAD /* Base */,
			);
			name = Main.storyboard;
			sourceTree = "<group>";
		};
		F607C88A1EBFC6E600651FAD /* LaunchScreen.storyboard */ = {
			isa = PBXVariantGroup;
			children = (
				F607C88B1EBFC6E600651FAD /* Base */,
			);
			name = LaunchScreen.storyboard;
			sourceTree = "<group>";
		};
/* End PBXVariantGroup section */

/* Begin XCBuildConfiguration section */
		F607C8A41EBFC6E600651FAD /* Debug */ = {
			isa = XCBuildConfiguration;
			buildSettings = {
				ALWAYS_SEARCH_USER_PATHS = NO;
				CLANG_ANALYZER_NONNULL = YES;
				CLANG_ANALYZER_NUMBER_OBJECT_CONVERSION = YES_AGGRESSIVE;
				CLANG_CXX_LANGUAGE_STANDARD = "gnu++0x";
				CLANG_CXX_LIBRARY = "libc++";
				CLANG_ENABLE_MODULES = YES;
				CLANG_ENABLE_OBJC_ARC = YES;
				CLANG_WARN_BOOL_CONVERSION = YES;
				CLANG_WARN_CONSTANT_CONVERSION = YES;
				CLANG_WARN_DIRECT_OBJC_ISA_USAGE = YES_ERROR;
				CLANG_WARN_DOCUMENTATION_COMMENTS = YES;
				CLANG_WARN_EMPTY_BODY = YES;
				CLANG_WARN_ENUM_CONVERSION = YES;
				CLANG_WARN_INFINITE_RECURSION = YES;
				CLANG_WARN_INT_CONVERSION = YES;
				CLANG_WARN_OBJC_ROOT_CLASS = YES_ERROR;
				CLANG_WARN_SUSPICIOUS_MOVE = YES;
				CLANG_WARN_UNREACHABLE_CODE = YES;
				CLANG_WARN__DUPLICATE_METHOD_MATCH = YES;
				"CODE_SIGN_IDENTITY[sdk=iphoneos*]" = "iPhone Developer";
				COPY_PHASE_STRIP = NO;
				DEBUG_INFORMATION_FORMAT = dwarf;
				ENABLE_STRICT_OBJC_MSGSEND = YES;
				ENABLE_TESTABILITY = YES;
				GCC_C_LANGUAGE_STANDARD = gnu99;
				GCC_DYNAMIC_NO_PIC = NO;
				GCC_NO_COMMON_BLOCKS = YES;
				GCC_OPTIMIZATION_LEVEL = 0;
				GCC_PREPROCESSOR_DEFINITIONS = (
					"DEBUG=1",
					"$(inherited)",
				);
				GCC_WARN_64_TO_32_BIT_CONVERSION = YES;
				GCC_WARN_ABOUT_RETURN_TYPE = YES_ERROR;
				GCC_WARN_UNDECLARED_SELECTOR = YES;
				GCC_WARN_UNINITIALIZED_AUTOS = YES_AGGRESSIVE;
				GCC_WARN_UNUSED_FUNCTION = YES;
				GCC_WARN_UNUSED_VARIABLE = YES;
				IPHONEOS_DEPLOYMENT_TARGET = 10.3;
				MTL_ENABLE_DEBUG_INFO = YES;
				ONLY_ACTIVE_ARCH = YES;
				SDKROOT = iphoneos;
				SWIFT_ACTIVE_COMPILATION_CONDITIONS = DEBUG;
				SWIFT_OPTIMIZATION_LEVEL = "-Onone";
				TARGETED_DEVICE_FAMILY = "1,2";
			};
			name = Debug;
		};
		F607C8A51EBFC6E600651FAD /* Release */ = {
			isa = XCBuildConfiguration;
			buildSettings = {
				ALWAYS_SEARCH_USER_PATHS = NO;
				CLANG_ANALYZER_NONNULL = YES;
				CLANG_ANALYZER_NUMBER_OBJECT_CONVERSION = YES_AGGRESSIVE;
				CLANG_CXX_LANGUAGE_STANDARD = "gnu++0x";
				CLANG_CXX_LIBRARY = "libc++";
				CLANG_ENABLE_MODULES = YES;
				CLANG_ENABLE_OBJC_ARC = YES;
				CLANG_WARN_BOOL_CONVERSION = YES;
				CLANG_WARN_CONSTANT_CONVERSION = YES;
				CLANG_WARN_DIRECT_OBJC_ISA_USAGE = YES_ERROR;
				CLANG_WARN_DOCUMENTATION_COMMENTS = YES;
				CLANG_WARN_EMPTY_BODY = YES;
				CLANG_WARN_ENUM_CONVERSION = YES;
				CLANG_WARN_INFINITE_RECURSION = YES;
				CLANG_WARN_INT_CONVERSION = YES;
				CLANG_WARN_OBJC_ROOT_CLASS = YES_ERROR;
				CLANG_WARN_SUSPICIOUS_MOVE = YES;
				CLANG_WARN_UNREACHABLE_CODE = YES;
				CLANG_WARN__DUPLICATE_METHOD_MATCH = YES;
				"CODE_SIGN_IDENTITY[sdk=iphoneos*]" = "iPhone Developer";
				COPY_PHASE_STRIP = NO;
				DEBUG_INFORMATION_FORMAT = "dwarf-with-dsym";
				ENABLE_NS_ASSERTIONS = NO;
				ENABLE_STRICT_OBJC_MSGSEND = YES;
				GCC_C_LANGUAGE_STANDARD = gnu99;
				GCC_NO_COMMON_BLOCKS = YES;
				GCC_WARN_64_TO_32_BIT_CONVERSION = YES;
				GCC_WARN_ABOUT_RETURN_TYPE = YES_ERROR;
				GCC_WARN_UNDECLARED_SELECTOR = YES;
				GCC_WARN_UNINITIALIZED_AUTOS = YES_AGGRESSIVE;
				GCC_WARN_UNUSED_FUNCTION = YES;
				GCC_WARN_UNUSED_VARIABLE = YES;
				IPHONEOS_DEPLOYMENT_TARGET = 10.3;
				MTL_ENABLE_DEBUG_INFO = NO;
				SDKROOT = iphoneos;
				SWIFT_OPTIMIZATION_LEVEL = "-Owholemodule";
				TARGETED_DEVICE_FAMILY = "1,2";
				VALIDATE_PRODUCT = YES;
			};
			name = Release;
		};
		F607C8A71EBFC6E600651FAD /* Debug */ = {
			isa = XCBuildConfiguration;
			buildSettings = {
				ASSETCATALOG_COMPILER_APPICON_NAME = AppIcon;
				"CODE_SIGN_IDENTITY[sdk=iphoneos*]" = "iPhone Developer";
				DEVELOPMENT_TEAM = 37R6UV3BWH;
				INFOPLIST_FILE = Charles/Info.plist;
				LD_RUNPATH_SEARCH_PATHS = "$(inherited) @executable_path/Frameworks";
				PRODUCT_BUNDLE_IDENTIFIER = com.zeromuwebservices.Charles;
				PRODUCT_NAME = "$(TARGET_NAME)";
				PROVISIONING_PROFILE_SPECIFIER = "";
				SWIFT_VERSION = 3.0;
			};
			name = Debug;
		};
		F607C8A81EBFC6E600651FAD /* Release */ = {
			isa = XCBuildConfiguration;
			buildSettings = {
				ASSETCATALOG_COMPILER_APPICON_NAME = AppIcon;
				"CODE_SIGN_IDENTITY[sdk=iphoneos*]" = "iPhone Developer";
				DEVELOPMENT_TEAM = 37R6UV3BWH;
				INFOPLIST_FILE = Charles/Info.plist;
				LD_RUNPATH_SEARCH_PATHS = "$(inherited) @executable_path/Frameworks";
				PRODUCT_BUNDLE_IDENTIFIER = com.zeromuwebservices.Charles;
				PRODUCT_NAME = "$(TARGET_NAME)";
				PROVISIONING_PROFILE_SPECIFIER = "";
				SWIFT_VERSION = 3.0;
			};
			name = Release;
		};
		F607C8AA1EBFC6E600651FAD /* Debug */ = {
			isa = XCBuildConfiguration;
			buildSettings = {
				ALWAYS_EMBED_SWIFT_STANDARD_LIBRARIES = YES;
				BUNDLE_LOADER = "$(TEST_HOST)";
				DEVELOPMENT_TEAM = 37R6UV3BWH;
				INFOPLIST_FILE = CharlesTests/Info.plist;
				LD_RUNPATH_SEARCH_PATHS = "$(inherited) @executable_path/Frameworks @loader_path/Frameworks";
				PRODUCT_BUNDLE_IDENTIFIER = com.zeromuwebservices.CharlesTests;
				PRODUCT_NAME = "$(TARGET_NAME)";
				SWIFT_VERSION = 3.0;
				TEST_HOST = "$(BUILT_PRODUCTS_DIR)/Charles.app/Charles";
			};
			name = Debug;
		};
		F607C8AB1EBFC6E600651FAD /* Release */ = {
			isa = XCBuildConfiguration;
			buildSettings = {
				ALWAYS_EMBED_SWIFT_STANDARD_LIBRARIES = YES;
				BUNDLE_LOADER = "$(TEST_HOST)";
				DEVELOPMENT_TEAM = 37R6UV3BWH;
				INFOPLIST_FILE = CharlesTests/Info.plist;
				LD_RUNPATH_SEARCH_PATHS = "$(inherited) @executable_path/Frameworks @loader_path/Frameworks";
				PRODUCT_BUNDLE_IDENTIFIER = com.zeromuwebservices.CharlesTests;
				PRODUCT_NAME = "$(TARGET_NAME)";
				SWIFT_VERSION = 3.0;
				TEST_HOST = "$(BUILT_PRODUCTS_DIR)/Charles.app/Charles";
			};
			name = Release;
		};
		F607C8AD1EBFC6E600651FAD /* Debug */ = {
			isa = XCBuildConfiguration;
			buildSettings = {
				ALWAYS_EMBED_SWIFT_STANDARD_LIBRARIES = YES;
				DEVELOPMENT_TEAM = 37R6UV3BWH;
				INFOPLIST_FILE = CharlesUITests/Info.plist;
				LD_RUNPATH_SEARCH_PATHS = "$(inherited) @executable_path/Frameworks @loader_path/Frameworks";
				PRODUCT_BUNDLE_IDENTIFIER = com.zeromuwebservices.CharlesUITests;
				PRODUCT_NAME = "$(TARGET_NAME)";
				SWIFT_VERSION = 3.0;
				TEST_TARGET_NAME = Charles;
			};
			name = Debug;
		};
		F607C8AE1EBFC6E600651FAD /* Release */ = {
			isa = XCBuildConfiguration;
			buildSettings = {
				ALWAYS_EMBED_SWIFT_STANDARD_LIBRARIES = YES;
				DEVELOPMENT_TEAM = 37R6UV3BWH;
				INFOPLIST_FILE = CharlesUITests/Info.plist;
				LD_RUNPATH_SEARCH_PATHS = "$(inherited) @executable_path/Frameworks @loader_path/Frameworks";
				PRODUCT_BUNDLE_IDENTIFIER = com.zeromuwebservices.CharlesUITests;
				PRODUCT_NAME = "$(TARGET_NAME)";
				SWIFT_VERSION = 3.0;
				TEST_TARGET_NAME = Charles;
			};
			name = Release;
		};
/* End XCBuildConfiguration section */

/* Begin XCConfigurationList section */
		F607C8751EBFC6E500651FAD /* Build configuration list for PBXProject "Charles" */ = {
			isa = XCConfigurationList;
			buildConfigurations = (
				F607C8A41EBFC6E600651FAD /* Debug */,
				F607C8A51EBFC6E600651FAD /* Release */,
			);
			defaultConfigurationIsVisible = 0;
			defaultConfigurationName = Release;
		};
		F607C8A61EBFC6E600651FAD /* Build configuration list for PBXNativeTarget "Charles" */ = {
			isa = XCConfigurationList;
			buildConfigurations = (
				F607C8A71EBFC6E600651FAD /* Debug */,
				F607C8A81EBFC6E600651FAD /* Release */,
			);
			defaultConfigurationIsVisible = 0;
			defaultConfigurationName = Release;
		};
		F607C8A91EBFC6E600651FAD /* Build configuration list for PBXNativeTarget "CharlesTests" */ = {
			isa = XCConfigurationList;
			buildConfigurations = (
				F607C8AA1EBFC6E600651FAD /* Debug */,
				F607C8AB1EBFC6E600651FAD /* Release */,
			);
			defaultConfigurationIsVisible = 0;
			defaultConfigurationName = Release;
		};
		F607C8AC1EBFC6E600651FAD /* Build configuration list for PBXNativeTarget "CharlesUITests" */ = {
			isa = XCConfigurationList;
			buildConfigurations = (
				F607C8AD1EBFC6E600651FAD /* Debug */,
				F607C8AE1EBFC6E600651FAD /* Release */,
			);
			defaultConfigurationIsVisible = 0;
			defaultConfigurationName = Release;
		};
/* End XCConfigurationList section */

/* Begin XCVersionGroup section */
		F60327AE1EC51DDB00493DC3 /* Model.xcdatamodeld */ = {
			isa = XCVersionGroup;
			children = (
				F60327AF1EC51DDB00493DC3 /* Model.xcdatamodel */,
			);
			currentVersion = F60327AF1EC51DDB00493DC3 /* Model.xcdatamodel */;
			path = Model.xcdatamodeld;
			sourceTree = "<group>";
			versionGroupType = wrapper.xcdatamodel;
		};
/* End XCVersionGroup section */
	};
	rootObject = F607C8721EBFC6E500651FAD /* Project object */;
}
